
Microsoft Visual Studio Solution File, Format Version 12.00
# Visual Studio Version 16
VisualStudioVersion = 16.0.31229.75
MinimumVisualStudioVersion = 10.0.40219.1
Project("{2150E333-8FDC-42A3-9474-1A3956D46DE8}") = "API", "API", "{FFFC697E-F2BE-4D13-BA78-96985F3549EB}"
EndProject
Project("{2150E333-8FDC-42A3-9474-1A3956D46DE8}") = "Common", "Common", "{608FB296-B427-4919-B318-15B55AE7053A}"
EndProject
Project("{FAE04EC0-301F-11D3-BF4B-00C04F79EFBC}") = "FintrakBanking.Common", "FintrakBanking.Common\FintrakBanking.Common.csproj", "{18CEFC20-2662-4757-94DE-23D623FFC98D}"
EndProject
Project("{2150E333-8FDC-42A3-9474-1A3956D46DE8}") = "Entities", "Entities", "{F1F704A2-83B8-4FC2-887D-80DA761B1F10}"
EndProject
Project("{FAE04EC0-301F-11D3-BF4B-00C04F79EFBC}") = "FintrakBanking.Entities", "FintrakBanking.Entities\FintrakBanking.Entities.csproj", "{FB338A9B-9C63-46ED-A8C3-D75A08DAD6F0}"
EndProject
Project("{2150E333-8FDC-42A3-9474-1A3956D46DE8}") = "Interfaces", "Interfaces", "{72D01754-2DEA-41A0-BC15-ACC77AFBF53B}"
EndProject
Project("{FAE04EC0-301F-11D3-BF4B-00C04F79EFBC}") = "FintrakBanking.Interfaces", "FintrakBanking.Interfaces\FintrakBanking.Interfaces.csproj", "{6A7C3564-00B2-45D4-A40C-4B52A06C296A}"
EndProject
Project("{2150E333-8FDC-42A3-9474-1A3956D46DE8}") = "Repositories", "Repositories", "{D07C7CF8-D25B-4D24-980D-57D67F88DFC3}"
EndProject
Project("{2150E333-8FDC-42A3-9474-1A3956D46DE8}") = "ViewModels", "ViewModels", "{03397FE3-2F2B-4A23-9D58-449BF254C9A6}"
EndProject
Project("{FAE04EC0-301F-11D3-BF4B-00C04F79EFBC}") = "FintrakBanking.ViewModels", "FintrakBanking.ViewModels\FintrakBanking.ViewModels.csproj", "{53A300F2-B78D-4708-BFB4-2B86DE64EC7D}"
EndProject
Project("{FAE04EC0-301F-11D3-BF4B-00C04F79EFBC}") = "FintrakBanking.APICore", "FintrakBanking.APICore\FintrakBanking.APICore.csproj", "{515D8B0B-9686-4662-9FA1-BF67415F9B7B}"
EndProject
Project("{2150E333-8FDC-42A3-9474-1A3956D46DE8}") = "Reporting", "Reporting", "{EC9E7C75-EA84-4F40-8A9F-7AEF6169D826}"
EndProject
Project("{FAE04EC0-301F-11D3-BF4B-00C04F79EFBC}") = "FintrakBanking.ReportObjects", "FintrakBanking.ReportObjects\FintrakBanking.ReportObjects.csproj", "{335B391E-60C0-47C2-9D7F-10CEF0DE800E}"
EndProject
Project("{2150E333-8FDC-42A3-9474-1A3956D46DE8}") = "WindowApp", "WindowApp", "{DC675DB0-A368-4D40-AF2B-CBC5E50E4481}"
EndProject
Project("{FAE04EC0-301F-11D3-BF4B-00C04F79EFBC}") = "WinApp", "WinApp\WinApp.csproj", "{16AD4D43-A008-4FD5-9EF4-5FDCBEE364DB}"
EndProject
Project("{2150E333-8FDC-42A3-9474-1A3956D46DE8}") = "MessagingService", "MessagingService", "{B93C09B6-CCD8-4C8D-8FF5-7B1A6CEB4694}"
EndProject
Project("{2150E333-8FDC-42A3-9474-1A3956D46DE8}") = "ThirdPartyIntegration", "ThirdPartyIntegration", "{E8BE4AB8-3E3A-4689-936C-12E986B90B07}"
EndProject
Project("{FAE04EC0-301F-11D3-BF4B-00C04F79EFBC}") = "FinTrakBanking.ThirdPartyIntegration", "FinTrakBanking.ThirdPartyIntegration\FinTrakBanking.ThirdPartyIntegration.csproj", "{81C64D5D-3674-499E-B718-257AA862B1B2}"
EndProject
Project("{FAE04EC0-301F-11D3-BF4B-00C04F79EFBC}") = "FintrakBaking.StaggingDataUpdateService", "FintrakBaking.BranchUpdateService\FintrakBaking.StaggingDataUpdateService.csproj", "{B5B4DB65-F19E-47D7-A281-98482EE522CF}"
EndProject
Project("{2150E333-8FDC-42A3-9474-1A3956D46DE8}") = "ExtractionService", "ExtractionService", "{98AE0E2D-C8D2-42B7-8170-AA980F6B9551}"
EndProject
Project("{FAE04EC0-301F-11D3-BF4B-00C04F79EFBC}") = "WinApp2", "WinApp2\WinApp2.csproj", "{48154D81-ADDA-4B78-AAE3-8BA7217FD41F}"
EndProject
Project("{FAE04EC0-301F-11D3-BF4B-00C04F79EFBC}") = "FintrakBanking.ExtractionService", "FintrakBanking.ExtractionService\FintrakBanking.ExtractionService.csproj", "{9E3F4D8E-E235-4551-BE43-0E0B80AEE18E}"
EndProject
Project("{FAE04EC0-301F-11D3-BF4B-00C04F79EFBC}") = "FintrakBanking.Repositories", "FintrakBanking.Repositories\FintrakBanking.Repositories.csproj", "{2853B1D8-AF5F-4691-A513-9EB63A45DD4D}"
EndProject
Project("{FAE04EC0-301F-11D3-BF4B-00C04F79EFBC}") = "FintrakBanking.MessagingAlertSender", "FintrakBanking.MessagingAlertSender\FintrakBanking.MessagingAlertSender.csproj", "{974DA792-AAE4-4415-BA86-A4C22F0680EF}"
EndProject
Project("{FAE04EC0-301F-11D3-BF4B-00C04F79EFBC}") = "FintrakBanking.LoanRepaymentBackgroundService", "FintrakBanking.LoanRepaymentBackgroundService\FintrakBanking.LoanRepaymentBackgroundService.csproj", "{BFAEEB68-C7AC-4B1D-A5B4-119516641323}"
EndProject
Project("{FAE04EC0-301F-11D3-BF4B-00C04F79EFBC}") = "FintrakBanking.MonitoringMessageLogger", "FintrakBanking.MonitoringMessageLogger\FintrakBanking.MonitoringMessageLogger.csproj", "{CEF982E6-22ED-4DEF-840F-358D3D177E8F}"
EndProject
Project("{FAE04EC0-301F-11D3-BF4B-00C04F79EFBC}") = "FintrakBanking.AccessSubsediaryRepo", "FintrakBanking.AccessSubsediary\FintrakBanking.AccessSubsediaryRepo.csproj", "{E018722D-75BA-41DE-9812-8F3AA3FF10DC}"
EndProject
Global
	GlobalSection(SolutionConfigurationPlatforms) = preSolution
		Debug|Any CPU = Debug|Any CPU
		Debug|x86 = Debug|x86
		DebugLocal|Any CPU = DebugLocal|Any CPU
		DebugLocal|x86 = DebugLocal|x86
		Release|Any CPU = Release|Any CPU
		Release|x86 = Release|x86
	EndGlobalSection
	GlobalSection(ProjectConfigurationPlatforms) = postSolution
		{18CEFC20-2662-4757-94DE-23D623FFC98D}.Debug|Any CPU.ActiveCfg = Debug|Any CPU
		{18CEFC20-2662-4757-94DE-23D623FFC98D}.Debug|Any CPU.Build.0 = Debug|Any CPU
		{18CEFC20-2662-4757-94DE-23D623FFC98D}.Debug|x86.ActiveCfg = Debug|Any CPU
		{18CEFC20-2662-4757-94DE-23D623FFC98D}.Debug|x86.Build.0 = Debug|Any CPU
		{18CEFC20-2662-4757-94DE-23D623FFC98D}.DebugLocal|Any CPU.ActiveCfg = Debug|Any CPU
		{18CEFC20-2662-4757-94DE-23D623FFC98D}.DebugLocal|Any CPU.Build.0 = Debug|Any CPU
		{18CEFC20-2662-4757-94DE-23D623FFC98D}.DebugLocal|x86.ActiveCfg = Debug|Any CPU
		{18CEFC20-2662-4757-94DE-23D623FFC98D}.DebugLocal|x86.Build.0 = Debug|Any CPU
		{18CEFC20-2662-4757-94DE-23D623FFC98D}.Release|Any CPU.ActiveCfg = Release|Any CPU
		{18CEFC20-2662-4757-94DE-23D623FFC98D}.Release|Any CPU.Build.0 = Release|Any CPU
		{18CEFC20-2662-4757-94DE-23D623FFC98D}.Release|x86.ActiveCfg = Release|Any CPU
		{18CEFC20-2662-4757-94DE-23D623FFC98D}.Release|x86.Build.0 = Release|Any CPU
		{FB338A9B-9C63-46ED-A8C3-D75A08DAD6F0}.Debug|Any CPU.ActiveCfg = Debug|Any CPU
		{FB338A9B-9C63-46ED-A8C3-D75A08DAD6F0}.Debug|Any CPU.Build.0 = Debug|Any CPU
		{FB338A9B-9C63-46ED-A8C3-D75A08DAD6F0}.Debug|x86.ActiveCfg = Debug|Any CPU
		{FB338A9B-9C63-46ED-A8C3-D75A08DAD6F0}.Debug|x86.Build.0 = Debug|Any CPU
		{FB338A9B-9C63-46ED-A8C3-D75A08DAD6F0}.DebugLocal|Any CPU.ActiveCfg = Debug|Any CPU
		{FB338A9B-9C63-46ED-A8C3-D75A08DAD6F0}.DebugLocal|Any CPU.Build.0 = Debug|Any CPU
		{FB338A9B-9C63-46ED-A8C3-D75A08DAD6F0}.DebugLocal|x86.ActiveCfg = Debug|Any CPU
		{FB338A9B-9C63-46ED-A8C3-D75A08DAD6F0}.DebugLocal|x86.Build.0 = Debug|Any CPU
		{FB338A9B-9C63-46ED-A8C3-D75A08DAD6F0}.Release|Any CPU.ActiveCfg = Release|Any CPU
		{FB338A9B-9C63-46ED-A8C3-D75A08DAD6F0}.Release|Any CPU.Build.0 = Release|Any CPU
		{FB338A9B-9C63-46ED-A8C3-D75A08DAD6F0}.Release|x86.ActiveCfg = Release|Any CPU
		{FB338A9B-9C63-46ED-A8C3-D75A08DAD6F0}.Release|x86.Build.0 = Release|Any CPU
		{6A7C3564-00B2-45D4-A40C-4B52A06C296A}.Debug|Any CPU.ActiveCfg = Debug|Any CPU
		{6A7C3564-00B2-45D4-A40C-4B52A06C296A}.Debug|Any CPU.Build.0 = Debug|Any CPU
		{6A7C3564-00B2-45D4-A40C-4B52A06C296A}.Debug|x86.ActiveCfg = Debug|Any CPU
		{6A7C3564-00B2-45D4-A40C-4B52A06C296A}.Debug|x86.Build.0 = Debug|Any CPU
		{6A7C3564-00B2-45D4-A40C-4B52A06C296A}.DebugLocal|Any CPU.ActiveCfg = Debug|Any CPU
		{6A7C3564-00B2-45D4-A40C-4B52A06C296A}.DebugLocal|Any CPU.Build.0 = Debug|Any CPU
		{6A7C3564-00B2-45D4-A40C-4B52A06C296A}.DebugLocal|x86.ActiveCfg = Debug|Any CPU
		{6A7C3564-00B2-45D4-A40C-4B52A06C296A}.DebugLocal|x86.Build.0 = Debug|Any CPU
		{6A7C3564-00B2-45D4-A40C-4B52A06C296A}.Release|Any CPU.ActiveCfg = Release|Any CPU
		{6A7C3564-00B2-45D4-A40C-4B52A06C296A}.Release|Any CPU.Build.0 = Release|Any CPU
		{6A7C3564-00B2-45D4-A40C-4B52A06C296A}.Release|x86.ActiveCfg = Release|Any CPU
		{6A7C3564-00B2-45D4-A40C-4B52A06C296A}.Release|x86.Build.0 = Release|Any CPU
		{53A300F2-B78D-4708-BFB4-2B86DE64EC7D}.Debug|Any CPU.ActiveCfg = Debug|Any CPU
		{53A300F2-B78D-4708-BFB4-2B86DE64EC7D}.Debug|Any CPU.Build.0 = Debug|Any CPU
		{53A300F2-B78D-4708-BFB4-2B86DE64EC7D}.Debug|x86.ActiveCfg = Debug|Any CPU
		{53A300F2-B78D-4708-BFB4-2B86DE64EC7D}.Debug|x86.Build.0 = Debug|Any CPU
		{53A300F2-B78D-4708-BFB4-2B86DE64EC7D}.DebugLocal|Any CPU.ActiveCfg = Debug|Any CPU
		{53A300F2-B78D-4708-BFB4-2B86DE64EC7D}.DebugLocal|Any CPU.Build.0 = Debug|Any CPU
		{53A300F2-B78D-4708-BFB4-2B86DE64EC7D}.DebugLocal|x86.ActiveCfg = Debug|Any CPU
		{53A300F2-B78D-4708-BFB4-2B86DE64EC7D}.DebugLocal|x86.Build.0 = Debug|Any CPU
		{53A300F2-B78D-4708-BFB4-2B86DE64EC7D}.Release|Any CPU.ActiveCfg = Release|Any CPU
		{53A300F2-B78D-4708-BFB4-2B86DE64EC7D}.Release|Any CPU.Build.0 = Release|Any CPU
		{53A300F2-B78D-4708-BFB4-2B86DE64EC7D}.Release|x86.ActiveCfg = Release|Any CPU
		{53A300F2-B78D-4708-BFB4-2B86DE64EC7D}.Release|x86.Build.0 = Release|Any CPU
		{515D8B0B-9686-4662-9FA1-BF67415F9B7B}.Debug|Any CPU.ActiveCfg = Debug|Any CPU
		{515D8B0B-9686-4662-9FA1-BF67415F9B7B}.Debug|Any CPU.Build.0 = Debug|Any CPU
		{515D8B0B-9686-4662-9FA1-BF67415F9B7B}.Debug|x86.ActiveCfg = Debug|Any CPU
		{515D8B0B-9686-4662-9FA1-BF67415F9B7B}.Debug|x86.Build.0 = Debug|Any CPU
		{515D8B0B-9686-4662-9FA1-BF67415F9B7B}.DebugLocal|Any CPU.ActiveCfg = Debug|Any CPU
		{515D8B0B-9686-4662-9FA1-BF67415F9B7B}.DebugLocal|Any CPU.Build.0 = Debug|Any CPU
		{515D8B0B-9686-4662-9FA1-BF67415F9B7B}.DebugLocal|x86.ActiveCfg = Debug|Any CPU
		{515D8B0B-9686-4662-9FA1-BF67415F9B7B}.DebugLocal|x86.Build.0 = Debug|Any CPU
		{515D8B0B-9686-4662-9FA1-BF67415F9B7B}.Release|Any CPU.ActiveCfg = Release|Any CPU
		{515D8B0B-9686-4662-9FA1-BF67415F9B7B}.Release|Any CPU.Build.0 = Release|Any CPU
		{515D8B0B-9686-4662-9FA1-BF67415F9B7B}.Release|x86.ActiveCfg = Release|Any CPU
		{515D8B0B-9686-4662-9FA1-BF67415F9B7B}.Release|x86.Build.0 = Release|Any CPU
		{335B391E-60C0-47C2-9D7F-10CEF0DE800E}.Debug|Any CPU.ActiveCfg = Debug|Any CPU
		{335B391E-60C0-47C2-9D7F-10CEF0DE800E}.Debug|Any CPU.Build.0 = Debug|Any CPU
		{335B391E-60C0-47C2-9D7F-10CEF0DE800E}.Debug|x86.ActiveCfg = Debug|Any CPU
		{335B391E-60C0-47C2-9D7F-10CEF0DE800E}.Debug|x86.Build.0 = Debug|Any CPU
		{335B391E-60C0-47C2-9D7F-10CEF0DE800E}.DebugLocal|Any CPU.ActiveCfg = Debug|Any CPU
		{335B391E-60C0-47C2-9D7F-10CEF0DE800E}.DebugLocal|Any CPU.Build.0 = Debug|Any CPU
		{335B391E-60C0-47C2-9D7F-10CEF0DE800E}.DebugLocal|x86.ActiveCfg = Debug|Any CPU
		{335B391E-60C0-47C2-9D7F-10CEF0DE800E}.DebugLocal|x86.Build.0 = Debug|Any CPU
		{335B391E-60C0-47C2-9D7F-10CEF0DE800E}.Release|Any CPU.ActiveCfg = Release|Any CPU
		{335B391E-60C0-47C2-9D7F-10CEF0DE800E}.Release|Any CPU.Build.0 = Release|Any CPU
		{335B391E-60C0-47C2-9D7F-10CEF0DE800E}.Release|x86.ActiveCfg = Release|Any CPU
		{335B391E-60C0-47C2-9D7F-10CEF0DE800E}.Release|x86.Build.0 = Release|Any CPU
		{16AD4D43-A008-4FD5-9EF4-5FDCBEE364DB}.Debug|Any CPU.ActiveCfg = Debug|Any CPU
		{16AD4D43-A008-4FD5-9EF4-5FDCBEE364DB}.Debug|Any CPU.Build.0 = Debug|Any CPU
		{16AD4D43-A008-4FD5-9EF4-5FDCBEE364DB}.Debug|x86.ActiveCfg = Debug|Any CPU
		{16AD4D43-A008-4FD5-9EF4-5FDCBEE364DB}.Debug|x86.Build.0 = Debug|Any CPU
		{16AD4D43-A008-4FD5-9EF4-5FDCBEE364DB}.DebugLocal|Any CPU.ActiveCfg = Debug|Any CPU
		{16AD4D43-A008-4FD5-9EF4-5FDCBEE364DB}.DebugLocal|Any CPU.Build.0 = Debug|Any CPU
		{16AD4D43-A008-4FD5-9EF4-5FDCBEE364DB}.DebugLocal|x86.ActiveCfg = Debug|Any CPU
		{16AD4D43-A008-4FD5-9EF4-5FDCBEE364DB}.DebugLocal|x86.Build.0 = Debug|Any CPU
		{16AD4D43-A008-4FD5-9EF4-5FDCBEE364DB}.Release|Any CPU.ActiveCfg = Release|Any CPU
		{16AD4D43-A008-4FD5-9EF4-5FDCBEE364DB}.Release|Any CPU.Build.0 = Release|Any CPU
		{16AD4D43-A008-4FD5-9EF4-5FDCBEE364DB}.Release|x86.ActiveCfg = Release|Any CPU
		{16AD4D43-A008-4FD5-9EF4-5FDCBEE364DB}.Release|x86.Build.0 = Release|Any CPU
		{81C64D5D-3674-499E-B718-257AA862B1B2}.Debug|Any CPU.ActiveCfg = Debug|Any CPU
		{81C64D5D-3674-499E-B718-257AA862B1B2}.Debug|Any CPU.Build.0 = Debug|Any CPU
		{81C64D5D-3674-499E-B718-257AA862B1B2}.Debug|x86.ActiveCfg = Debug|Any CPU
		{81C64D5D-3674-499E-B718-257AA862B1B2}.Debug|x86.Build.0 = Debug|Any CPU
		{81C64D5D-3674-499E-B718-257AA862B1B2}.DebugLocal|Any CPU.ActiveCfg = Debug|Any CPU
		{81C64D5D-3674-499E-B718-257AA862B1B2}.DebugLocal|Any CPU.Build.0 = Debug|Any CPU
		{81C64D5D-3674-499E-B718-257AA862B1B2}.DebugLocal|x86.ActiveCfg = Debug|Any CPU
		{81C64D5D-3674-499E-B718-257AA862B1B2}.DebugLocal|x86.Build.0 = Debug|Any CPU
		{81C64D5D-3674-499E-B718-257AA862B1B2}.Release|Any CPU.ActiveCfg = Release|Any CPU
		{81C64D5D-3674-499E-B718-257AA862B1B2}.Release|Any CPU.Build.0 = Release|Any CPU
		{81C64D5D-3674-499E-B718-257AA862B1B2}.Release|x86.ActiveCfg = Release|Any CPU
		{81C64D5D-3674-499E-B718-257AA862B1B2}.Release|x86.Build.0 = Release|Any CPU
		{B5B4DB65-F19E-47D7-A281-98482EE522CF}.Debug|Any CPU.ActiveCfg = Debug|Any CPU
		{B5B4DB65-F19E-47D7-A281-98482EE522CF}.Debug|Any CPU.Build.0 = Debug|Any CPU
		{B5B4DB65-F19E-47D7-A281-98482EE522CF}.Debug|x86.ActiveCfg = Debug|Any CPU
		{B5B4DB65-F19E-47D7-A281-98482EE522CF}.Debug|x86.Build.0 = Debug|Any CPU
		{B5B4DB65-F19E-47D7-A281-98482EE522CF}.DebugLocal|Any CPU.ActiveCfg = Debug|Any CPU
		{B5B4DB65-F19E-47D7-A281-98482EE522CF}.DebugLocal|Any CPU.Build.0 = Debug|Any CPU
		{B5B4DB65-F19E-47D7-A281-98482EE522CF}.DebugLocal|x86.ActiveCfg = Debug|Any CPU
		{B5B4DB65-F19E-47D7-A281-98482EE522CF}.DebugLocal|x86.Build.0 = Debug|Any CPU
		{B5B4DB65-F19E-47D7-A281-98482EE522CF}.Release|Any CPU.ActiveCfg = Debug|Any CPU
		{B5B4DB65-F19E-47D7-A281-98482EE522CF}.Release|Any CPU.Build.0 = Debug|Any CPU
		{B5B4DB65-F19E-47D7-A281-98482EE522CF}.Release|x86.ActiveCfg = Release|Any CPU
		{B5B4DB65-F19E-47D7-A281-98482EE522CF}.Release|x86.Build.0 = Release|Any CPU
		{48154D81-ADDA-4B78-AAE3-8BA7217FD41F}.Debug|Any CPU.ActiveCfg = Debug|Any CPU
		{48154D81-ADDA-4B78-AAE3-8BA7217FD41F}.Debug|Any CPU.Build.0 = Debug|Any CPU
		{48154D81-ADDA-4B78-AAE3-8BA7217FD41F}.Debug|x86.ActiveCfg = Debug|Any CPU
		{48154D81-ADDA-4B78-AAE3-8BA7217FD41F}.Debug|x86.Build.0 = Debug|Any CPU
		{48154D81-ADDA-4B78-AAE3-8BA7217FD41F}.DebugLocal|Any CPU.ActiveCfg = Debug|Any CPU
		{48154D81-ADDA-4B78-AAE3-8BA7217FD41F}.DebugLocal|Any CPU.Build.0 = Debug|Any CPU
		{48154D81-ADDA-4B78-AAE3-8BA7217FD41F}.DebugLocal|x86.ActiveCfg = Debug|Any CPU
		{48154D81-ADDA-4B78-AAE3-8BA7217FD41F}.DebugLocal|x86.Build.0 = Debug|Any CPU
		{48154D81-ADDA-4B78-AAE3-8BA7217FD41F}.Release|Any CPU.ActiveCfg = Release|Any CPU
		{48154D81-ADDA-4B78-AAE3-8BA7217FD41F}.Release|Any CPU.Build.0 = Release|Any CPU
		{48154D81-ADDA-4B78-AAE3-8BA7217FD41F}.Release|x86.ActiveCfg = Release|Any CPU
		{48154D81-ADDA-4B78-AAE3-8BA7217FD41F}.Release|x86.Build.0 = Release|Any CPU
		{9E3F4D8E-E235-4551-BE43-0E0B80AEE18E}.Debug|Any CPU.ActiveCfg = Debug|Any CPU
		{9E3F4D8E-E235-4551-BE43-0E0B80AEE18E}.Debug|Any CPU.Build.0 = Debug|Any CPU
		{9E3F4D8E-E235-4551-BE43-0E0B80AEE18E}.Debug|x86.ActiveCfg = Debug|Any CPU
		{9E3F4D8E-E235-4551-BE43-0E0B80AEE18E}.Debug|x86.Build.0 = Debug|Any CPU
		{9E3F4D8E-E235-4551-BE43-0E0B80AEE18E}.DebugLocal|Any CPU.ActiveCfg = Debug|Any CPU
		{9E3F4D8E-E235-4551-BE43-0E0B80AEE18E}.DebugLocal|Any CPU.Build.0 = Debug|Any CPU
		{9E3F4D8E-E235-4551-BE43-0E0B80AEE18E}.DebugLocal|x86.ActiveCfg = Debug|Any CPU
		{9E3F4D8E-E235-4551-BE43-0E0B80AEE18E}.DebugLocal|x86.Build.0 = Debug|Any CPU
		{9E3F4D8E-E235-4551-BE43-0E0B80AEE18E}.Release|Any CPU.ActiveCfg = Release|Any CPU
		{9E3F4D8E-E235-4551-BE43-0E0B80AEE18E}.Release|Any CPU.Build.0 = Release|Any CPU
		{9E3F4D8E-E235-4551-BE43-0E0B80AEE18E}.Release|x86.ActiveCfg = Release|Any CPU
		{9E3F4D8E-E235-4551-BE43-0E0B80AEE18E}.Release|x86.Build.0 = Release|Any CPU
		{2853B1D8-AF5F-4691-A513-9EB63A45DD4D}.Debug|Any CPU.ActiveCfg = Debug|Any CPU
		{2853B1D8-AF5F-4691-A513-9EB63A45DD4D}.Debug|Any CPU.Build.0 = Debug|Any CPU
		{2853B1D8-AF5F-4691-A513-9EB63A45DD4D}.Debug|x86.ActiveCfg = Debug|Any CPU
		{2853B1D8-AF5F-4691-A513-9EB63A45DD4D}.Debug|x86.Build.0 = Debug|Any CPU
		{2853B1D8-AF5F-4691-A513-9EB63A45DD4D}.DebugLocal|Any CPU.ActiveCfg = Debug|Any CPU
		{2853B1D8-AF5F-4691-A513-9EB63A45DD4D}.DebugLocal|Any CPU.Build.0 = Debug|Any CPU
		{2853B1D8-AF5F-4691-A513-9EB63A45DD4D}.DebugLocal|x86.ActiveCfg = Debug|Any CPU
		{2853B1D8-AF5F-4691-A513-9EB63A45DD4D}.DebugLocal|x86.Build.0 = Debug|Any CPU
		{2853B1D8-AF5F-4691-A513-9EB63A45DD4D}.Release|Any CPU.ActiveCfg = Release|Any CPU
		{2853B1D8-AF5F-4691-A513-9EB63A45DD4D}.Release|Any CPU.Build.0 = Release|Any CPU
		{2853B1D8-AF5F-4691-A513-9EB63A45DD4D}.Release|x86.ActiveCfg = Release|Any CPU
		{2853B1D8-AF5F-4691-A513-9EB63A45DD4D}.Release|x86.Build.0 = Release|Any CPU
		{974DA792-AAE4-4415-BA86-A4C22F0680EF}.Debug|Any CPU.ActiveCfg = Debug|Any CPU
		{974DA792-AAE4-4415-BA86-A4C22F0680EF}.Debug|Any CPU.Build.0 = Debug|Any CPU
		{974DA792-AAE4-4415-BA86-A4C22F0680EF}.Debug|x86.ActiveCfg = Debug|Any CPU
		{974DA792-AAE4-4415-BA86-A4C22F0680EF}.Debug|x86.Build.0 = Debug|Any CPU
		{974DA792-AAE4-4415-BA86-A4C22F0680EF}.DebugLocal|Any CPU.ActiveCfg = Debug|Any CPU
		{974DA792-AAE4-4415-BA86-A4C22F0680EF}.DebugLocal|Any CPU.Build.0 = Debug|Any CPU
		{974DA792-AAE4-4415-BA86-A4C22F0680EF}.DebugLocal|x86.ActiveCfg = Debug|Any CPU
		{974DA792-AAE4-4415-BA86-A4C22F0680EF}.DebugLocal|x86.Build.0 = Debug|Any CPU
		{974DA792-AAE4-4415-BA86-A4C22F0680EF}.Release|Any CPU.ActiveCfg = Release|Any CPU
		{974DA792-AAE4-4415-BA86-A4C22F0680EF}.Release|Any CPU.Build.0 = Release|Any CPU
		{974DA792-AAE4-4415-BA86-A4C22F0680EF}.Release|x86.ActiveCfg = Release|Any CPU
		{974DA792-AAE4-4415-BA86-A4C22F0680EF}.Release|x86.Build.0 = Release|Any CPU
		{BFAEEB68-C7AC-4B1D-A5B4-119516641323}.Debug|Any CPU.ActiveCfg = Debug|Any CPU
		{BFAEEB68-C7AC-4B1D-A5B4-119516641323}.Debug|Any CPU.Build.0 = Debug|Any CPU
		{BFAEEB68-C7AC-4B1D-A5B4-119516641323}.Debug|x86.ActiveCfg = Debug|Any CPU
		{BFAEEB68-C7AC-4B1D-A5B4-119516641323}.Debug|x86.Build.0 = Debug|Any CPU
		{BFAEEB68-C7AC-4B1D-A5B4-119516641323}.DebugLocal|Any CPU.ActiveCfg = Debug|Any CPU
		{BFAEEB68-C7AC-4B1D-A5B4-119516641323}.DebugLocal|Any CPU.Build.0 = Debug|Any CPU
		{BFAEEB68-C7AC-4B1D-A5B4-119516641323}.DebugLocal|x86.ActiveCfg = Debug|Any CPU
		{BFAEEB68-C7AC-4B1D-A5B4-119516641323}.DebugLocal|x86.Build.0 = Debug|Any CPU
		{BFAEEB68-C7AC-4B1D-A5B4-119516641323}.Release|Any CPU.ActiveCfg = Release|Any CPU
		{BFAEEB68-C7AC-4B1D-A5B4-119516641323}.Release|Any CPU.Build.0 = Release|Any CPU
		{BFAEEB68-C7AC-4B1D-A5B4-119516641323}.Release|x86.ActiveCfg = Release|Any CPU
		{BFAEEB68-C7AC-4B1D-A5B4-119516641323}.Release|x86.Build.0 = Release|Any CPU
		{CEF982E6-22ED-4DEF-840F-358D3D177E8F}.Debug|Any CPU.ActiveCfg = Debug|Any CPU
		{CEF982E6-22ED-4DEF-840F-358D3D177E8F}.Debug|Any CPU.Build.0 = Debug|Any CPU
		{CEF982E6-22ED-4DEF-840F-358D3D177E8F}.Debug|x86.ActiveCfg = Debug|Any CPU
		{CEF982E6-22ED-4DEF-840F-358D3D177E8F}.Debug|x86.Build.0 = Debug|Any CPU
		{CEF982E6-22ED-4DEF-840F-358D3D177E8F}.DebugLocal|Any CPU.ActiveCfg = Debug|Any CPU
		{CEF982E6-22ED-4DEF-840F-358D3D177E8F}.DebugLocal|Any CPU.Build.0 = Debug|Any CPU
		{CEF982E6-22ED-4DEF-840F-358D3D177E8F}.DebugLocal|x86.ActiveCfg = Debug|Any CPU
		{CEF982E6-22ED-4DEF-840F-358D3D177E8F}.DebugLocal|x86.Build.0 = Debug|Any CPU
		{CEF982E6-22ED-4DEF-840F-358D3D177E8F}.Release|Any CPU.ActiveCfg = Release|Any CPU
		{CEF982E6-22ED-4DEF-840F-358D3D177E8F}.Release|Any CPU.Build.0 = Release|Any CPU
		{CEF982E6-22ED-4DEF-840F-358D3D177E8F}.Release|x86.ActiveCfg = Release|Any CPU
		{CEF982E6-22ED-4DEF-840F-358D3D177E8F}.Release|x86.Build.0 = Release|Any CPU
		{E018722D-75BA-41DE-9812-8F3AA3FF10DC}.Debug|Any CPU.ActiveCfg = Debug|Any CPU
		{E018722D-75BA-41DE-9812-8F3AA3FF10DC}.Debug|Any CPU.Build.0 = Debug|Any CPU
		{E018722D-75BA-41DE-9812-8F3AA3FF10DC}.Debug|x86.ActiveCfg = Debug|Any CPU
		{E018722D-75BA-41DE-9812-8F3AA3FF10DC}.Debug|x86.Build.0 = Debug|Any CPU
		{E018722D-75BA-41DE-9812-8F3AA3FF10DC}.DebugLocal|Any CPU.ActiveCfg = Debug|Any CPU
		{E018722D-75BA-41DE-9812-8F3AA3FF10DC}.DebugLocal|Any CPU.Build.0 = Debug|Any CPU
		{E018722D-75BA-41DE-9812-8F3AA3FF10DC}.DebugLocal|x86.ActiveCfg = Debug|Any CPU
		{E018722D-75BA-41DE-9812-8F3AA3FF10DC}.DebugLocal|x86.Build.0 = Debug|Any CPU
		{E018722D-75BA-41DE-9812-8F3AA3FF10DC}.Release|Any CPU.ActiveCfg = Release|Any CPU
		{E018722D-75BA-41DE-9812-8F3AA3FF10DC}.Release|Any CPU.Build.0 = Release|Any CPU
		{E018722D-75BA-41DE-9812-8F3AA3FF10DC}.Release|x86.ActiveCfg = Release|Any CPU
		{E018722D-75BA-41DE-9812-8F3AA3FF10DC}.Release|x86.Build.0 = Release|Any CPU
	EndGlobalSection
	GlobalSection(SolutionProperties) = preSolution
		HideSolutionNode = FALSE
	EndGlobalSection
	GlobalSection(NestedProjects) = preSolution
		{18CEFC20-2662-4757-94DE-23D623FFC98D} = {608FB296-B427-4919-B318-15B55AE7053A}
		{FB338A9B-9C63-46ED-A8C3-D75A08DAD6F0} = {F1F704A2-83B8-4FC2-887D-80DA761B1F10}
		{6A7C3564-00B2-45D4-A40C-4B52A06C296A} = {72D01754-2DEA-41A0-BC15-ACC77AFBF53B}
		{53A300F2-B78D-4708-BFB4-2B86DE64EC7D} = {03397FE3-2F2B-4A23-9D58-449BF254C9A6}
		{515D8B0B-9686-4662-9FA1-BF67415F9B7B} = {FFFC697E-F2BE-4D13-BA78-96985F3549EB}
		{335B391E-60C0-47C2-9D7F-10CEF0DE800E} = {EC9E7C75-EA84-4F40-8A9F-7AEF6169D826}
		{16AD4D43-A008-4FD5-9EF4-5FDCBEE364DB} = {DC675DB0-A368-4D40-AF2B-CBC5E50E4481}
		{81C64D5D-3674-499E-B718-257AA862B1B2} = {E8BE4AB8-3E3A-4689-936C-12E986B90B07}
		{B5B4DB65-F19E-47D7-A281-98482EE522CF} = {B93C09B6-CCD8-4C8D-8FF5-7B1A6CEB4694}
		{98AE0E2D-C8D2-42B7-8170-AA980F6B9551} = {F1F704A2-83B8-4FC2-887D-80DA761B1F10}
		{48154D81-ADDA-4B78-AAE3-8BA7217FD41F} = {DC675DB0-A368-4D40-AF2B-CBC5E50E4481}
		{9E3F4D8E-E235-4551-BE43-0E0B80AEE18E} = {98AE0E2D-C8D2-42B7-8170-AA980F6B9551}
		{2853B1D8-AF5F-4691-A513-9EB63A45DD4D} = {D07C7CF8-D25B-4D24-980D-57D67F88DFC3}
		{974DA792-AAE4-4415-BA86-A4C22F0680EF} = {B93C09B6-CCD8-4C8D-8FF5-7B1A6CEB4694}
		{BFAEEB68-C7AC-4B1D-A5B4-119516641323} = {B93C09B6-CCD8-4C8D-8FF5-7B1A6CEB4694}
		{CEF982E6-22ED-4DEF-840F-358D3D177E8F} = {B93C09B6-CCD8-4C8D-8FF5-7B1A6CEB4694}
	EndGlobalSection
	GlobalSection(ExtensibilityGlobals) = postSolution
		SolutionGuid = {0FBE970E-7E0B-4494-8ECA-E322C2AD8272}
	EndGlobalSection
EndGlobal
